Microsoft Visual Studio Solution File, Format Version 12.00
# Visual Studio 15
VisualStudioVersion = 15.0.27130.2020
MinimumVisualStudioVersion = 10.0.40219.1
Project("{9A19103F-16F7-4668-BE54-9A1E7A4F7556}") = "ChecksummValidator", "ChecksummValidator\ChecksummValidator.csproj", "{2F1BABED-712B-470B-BD6F-8B95B3AC9AE7}"
EndProject
Project("{9A19103F-16F7-4668-BE54-9A1E7A4F7556}") = "ChecksummValidator.Test", "ChecksummValidator.Test\ChecksummValidator.Test.csproj", "{EACD385E-7D64-4483-8212-329C597663B6}"
EndProject
Global
	GlobalSection(SolutionConfigurationPlatforms) = preSolution
		Debug|Any CPU = Debug|Any CPU
		Debug|x64 = Debug|x64
		Debug|x86 = Debug|x86
		Release|Any CPU = Release|Any CPU
		Release|x64 = Release|x64
		Release|x86 = Release|x86
	EndGlobalSection
	GlobalSection(ProjectConfigurationPlatforms) = postSolution
		{2F1BABED-712B-470B-BD6F-8B95B3AC9AE7}.Debug|Any CPU.ActiveCfg = Debug|Any CPU
		{2F1BABED-712B-470B-BD6F-8B95B3AC9AE7}.Debug|Any CPU.Build.0 = Debug|Any CPU
		{2F1BABED-712B-470B-BD6F-8B95B3AC9AE7}.Debug|x64.ActiveCfg = Debug|Any CPU
		{2F1BABED-712B-470B-BD6F-8B95B3AC9AE7}.Debug|x64.Build.0 = Debug|Any CPU
		{2F1BABED-712B-470B-BD6F-8B95B3AC9AE7}.Debug|x86.ActiveCfg = Debug|Any CPU
		{2F1BABED-712B-470B-BD6F-8B95B3AC9AE7}.Debug|x86.Build.0 = Debug|Any CPU
		{2F1BABED-712B-470B-BD6F-8B95B3AC9AE7}.Release|Any CPU.ActiveCfg = Release|Any CPU
		{2F1BABED-712B-470B-BD6F-8B95B3AC9AE7}.Release|Any CPU.Build.0 = Release|Any CPU
		{2F1BABED-712B-470B-BD6F-8B95B3AC9AE7}.Release|x64.ActiveCfg = Release|Any CPU
		{2F1BABED-712B-470B-BD6F-8B95B3AC9AE7}.Release|x64.Build.0 = Release|Any CPU
		{2F1BABED-712B-470B-BD6F-8B95B3AC9AE7}.Release|x86.ActiveCfg = Release|Any CPU
		{2F1BABED-712B-470B-BD6F-8B95B3AC9AE7}.Release|x86.Build.0 = Release|Any CPU
		{EACD385E-7D64-4483-8212-329C597663B6}.Debug|Any CPU.ActiveCfg = Debug|Any CPU
		{EACD385E-7D64-4483-8212-329C597663B6}.Debug|Any CPU.Build.0 = Debug|Any CPU
		{EACD385E-7D64-4483-8212-329C597663B6}.Debug|x64.ActiveCfg = Debug|Any CPU
		{EACD385E-7D64-4483-8212-329C597663B6}.Debug|x64.Build.0 = Debug|Any CPU
		{EACD385E-7D64-4483-8212-329C597663B6}.Debug|x86.ActiveCfg = Debug|Any CPU
		{EACD385E-7D64-4483-8212-329C597663B6}.Debug|x86.Build.0 = Debug|Any CPU
		{EACD385E-7D64-4483-8212-329C597663B6}.Release|Any CPU.ActiveCfg = Release|Any CPU
		{EACD385E-7D64-4483-8212-329C597663B6}.Release|Any CPU.Build.0 = Release|Any CPU
		{EACD385E-7D64-4483-8212-329C597663B6}.Release|x64.ActiveCfg = Release|Any CPU
		{EACD385E-7D64-4483-8212-329C597663B6}.Release|x64.Build.0 = Release|Any CPU
		{EACD385E-7D64-4483-8212-329C597663B6}.Release|x86.ActiveCfg = Release|Any CPU
		{EACD385E-7D64-4483-8212-329C597663B6}.Release|x86.Build.0 = Release|Any CPU
	EndGlobalSection
	GlobalSection(SolutionProperties) = preSolution
		HideSolutionNode = FALSE
	EndGlobalSection
	GlobalSection(ExtensibilityGlobals) = postSolution
		SolutionGuid = {CCF90E54-1E54-499F-9999-5645D3319B81}
	EndGlobalSection
EndGlobal
